# This file is @generated by PDM.
# It is not intended for manual editing.

[[package]]
name = "arrow"
version = "1.2.3"
requires_python = ">=3.6"
summary = "Better dates & times for Python"
dependencies = [
    "python-dateutil>=2.7.0",
]

[[package]]
name = "attrs"
version = "22.2.0"
requires_python = ">=3.6"
summary = "Classes Without Boilerplate"

[[package]]
name = "ics"
version = "0.7.2"
summary = "Python icalendar (rfc5545) parser"
dependencies = [
    "arrow>=0.11",
    "attrs>=19.1.0",
    "python-dateutil",
    "six>1.5",
    "tatsu>4.2",
]

[[package]]
name = "python-dateutil"
version = "2.8.2"
requires_python = "!=3.0.*,!=3.1.*,!=3.2.*,>=2.7"
summary = "Extensions to the standard Python datetime module"
dependencies = [
    "six>=1.5",
]

[[package]]
name = "six"
version = "1.16.0"
requires_python = ">=2.7, !=3.0.*, !=3.1.*, !=3.2.*"
summary = "Python 2 and 3 compatibility utilities"

[[package]]
name = "tatsu"
version = "5.8.3"
requires_python = ">=3.8"
summary = "TatSu takes a grammar in a variation of EBNF as input, and outputs a memoizing PEG/Packrat parser in Python."

[[package]]
name = "xlrd"
version = "2.0.1"
requires_python = ">=2.7, !=3.0.*, !=3.1.*, !=3.2.*, !=3.3.*, !=3.4.*, !=3.5.*"
summary = "Library for developers to extract data from Microsoft Excel (tm) .xls spreadsheet files"

[metadata]
lock_version = "4.1"
content_hash = "sha256:f98148518c22eeecf88658d79f84127d7c99ccd633ac10dcffc50566bad3c044"

[metadata.files]
"arrow 1.2.3" = [
    {url = "https://files.pythonhosted.org/packages/67/67/4bca5a595e2f89bff271724ddb1098e6c9e16f7f3d018d120255e3c30313/arrow-1.2.3-py3-none-any.whl", hash = "sha256:5a49ab92e3b7b71d96cd6bfcc4df14efefc9dfa96ea19045815914a6ab6b1fe2"},
    {url = "https://files.pythonhosted.org/packages/7f/c0/c601ea7811f422700ef809f167683899cdfddec5aa3f83597edf97349962/arrow-1.2.3.tar.gz", hash = "sha256:3934b30ca1b9f292376d9db15b19446088d12ec58629bc3f0da28fd55fb633a1"},
]
"attrs 22.2.0" = [
    {url = "https://files.pythonhosted.org/packages/21/31/3f468da74c7de4fcf9b25591e682856389b3400b4b62f201e65f15ea3e07/attrs-22.2.0.tar.gz", hash = "sha256:c9227bfc2f01993c03f68db37d1d15c9690188323c067c641f1a35ca58185f99"},
    {url = "https://files.pythonhosted.org/packages/fb/6e/6f83bf616d2becdf333a1640f1d463fef3150e2e926b7010cb0f81c95e88/attrs-22.2.0-py3-none-any.whl", hash = "sha256:29e95c7f6778868dbd49170f98f8818f78f3dc5e0e37c0b1f474e3561b240836"},
]
"ics 0.7.2" = [
    {url = "https://files.pythonhosted.org/packages/0a/95/e04dea5cf29bdf5005f5aa7ccf0a2f9724b877722d89f8286dc3785a7cdc/ics-0.7.2-py2.py3-none-any.whl", hash = "sha256:5fcf4d29ec6e7dfcb84120abd617bbba632eb77b097722b7df70e48dbcf26103"},
    {url = "https://files.pythonhosted.org/packages/43/fa/2cb7cbe23566140f011da4fec280d4873da4389c8b838bb3e5ce3fc39b16/ics-0.7.2.tar.gz", hash = "sha256:6743539bca10391635249b87d74fcd1094af20b82098bebf7c7521df91209f05"},
]
"python-dateutil 2.8.2" = [
    {url = "https://files.pythonhosted.org/packages/36/7a/87837f39d0296e723bb9b62bbb257d0355c7f6128853c78955f57342a56d/python_dateutil-2.8.2-py2.py3-none-any.whl", hash = "sha256:961d03dc3453ebbc59dbdea9e4e11c5651520a876d0f4db161e8674aae935da9"},
    {url = "https://files.pythonhosted.org/packages/4c/c4/13b4776ea2d76c115c1d1b84579f3764ee6d57204f6be27119f13a61d0a9/python-dateutil-2.8.2.tar.gz", hash = "sha256:0123cacc1627ae19ddf3c27a5de5bd67ee4586fbdd6440d9748f8abb483d3e86"},
]
"six 1.16.0" = [
    {url = "https://files.pythonhosted.org/packages/71/39/171f1c67cd00715f190ba0b100d606d440a28c93c7714febeca8b79af85e/six-1.16.0.tar.gz", hash = "sha256:1e61c37477a1626458e36f7b1d82aa5c9b094fa4802892072e49de9c60c4c926"},
    {url = "https://files.pythonhosted.org/packages/d9/5a/e7c31adbe875f2abbb91bd84cf2dc52d792b5a01506781dbcf25c91daf11/six-1.16.0-py2.py3-none-any.whl", hash = "sha256:8abb2f1d86890a2dfb989f9a77cfcfd3e47c2a354b01111771326f8aa26e0254"},
]
"tatsu 5.8.3" = [
    {url = "https://files.pythonhosted.org/packages/78/67/413a03b1048f9f237e3f242e6e829688d8c9cf1fbe6bd8bb5f574ae67ac9/TatSu-5.8.3-py2.py3-none-any.whl", hash = "sha256:0a836692e67247cad9f251e083b045b13345cc715e69a7fbc16522beaa0f2163"},
    {url = "https://files.pythonhosted.org/packages/dd/e6/f46e17ed341ff7584b23a63508c781e6e5e984a9e6eb0b66b273991a02eb/TatSu-5.8.3.zip", hash = "sha256:571ecbcdf33b7828c05e5cd95a8e8ad06af111c2c83a6a245be4d8f7c43de7bb"},
]
"xlrd 2.0.1" = [
    {url = "https://files.pythonhosted.org/packages/a6/0c/c2a72d51fe56e08a08acc85d13013558a2d793028ae7385448a6ccdfae64/xlrd-2.0.1-py2.py3-none-any.whl", hash = "sha256:6a33ee89877bd9abc1158129f6e94be74e2679636b8a205b43b85206c3f0bbdd"},
    {url = "https://files.pythonhosted.org/packages/a6/b3/19a2540d21dea5f908304375bd43f5ed7a4c28a370dc9122c565423e6b44/xlrd-2.0.1.tar.gz", hash = "sha256:f72f148f54442c6b056bf931dbc34f986fd0c3b0b6b5a58d013c9aef274d0c88"},
]
